// !$*UTF8*$!
{
    archiveVersion = 1;
    classes = {
    };
    objectVersion = 77;
    objects = {

/* Begin PBXFileReference section */
       2659D0C43B0F13F7975CDC89 /* ProductBrowser.app */ = {isa = PBXFileReference; explicitFileType = wrapper.application; includeInIndex = 0; path = ProductBrowser.app; sourceTree = BUILT_PRODUCTS_DIR; };
/* End PBXFileReference section */

/* Begin PBXFileSystemSynchronizedBuildFileExceptionSet section */
       9387A25BCFBECB1DBFF7D800 /* Exceptions for "iosApp" folder in "iosApp" target */ = {
          isa = PBXFileSystemSynchronizedBuildFileExceptionSet;
          membershipExceptions = (
             Info.plist,
          );
          target = 7BE0C4E7913A7FFF741E889E /* iosApp */;
       };
/* End PBXFileSystemSynchronizedBuildFileExceptionSet section */

/* Begin PBXFileSystemSynchronizedRootGroup section */
       8E14697614695EBEEBF2B0CE /* Configuration */ = {
          isa = PBXFileSystemSynchronizedRootGroup;
          path = Configuration;
          sourceTree = "<group>";
       };
       A7CE4B027CF1F1E99B378DBD /* iosApp */ = {
          isa = PBXFileSystemSynchronizedRootGroup;
          exceptions = (
             9387A25BCFBECB1DBFF7D800 /* Exceptions for "iosApp" folder in "iosApp" target */,
          );
          path = iosApp;
          sourceTree = "<group>";
       };
/* End PBXFileSystemSynchronizedRootGroup section */

/* Begin PBXFrameworksBuildPhase section */
       C7CE5E4EC5622114506EB886 /* Frameworks */ = {
          isa = PBXFrameworksBuildPhase;
          buildActionMask = 2147483647;
          files = (
          );
          runOnlyForDeploymentPostprocessing = 0;
       };
/* End PBXFrameworksBuildPhase section */

/* Begin PBXGroup section */
       97FA6575865F01024DBB75BA = {
          isa = PBXGroup;
          children = (
             8E14697614695EBEEBF2B0CE /* Configuration */,
             A7CE4B027CF1F1E99B378DBD /* iosApp */,
             C395FC70359541BF9E268102 /* Products */,
          );
          sourceTree = "<group>";
       };
       C395FC70359541BF9E268102 /* Products */ = {
          isa = PBXGroup;
          children = (
             2659D0C43B0F13F7975CDC89 /* ProductBrowser.app */,
          );
          name = Products;
          sourceTree = "<group>";
       };
/* End PBXGroup section */

/* Begin PBXNativeTarget section */
       7BE0C4E7913A7FFF741E889E /* iosApp */ = {
          isa = PBXNativeTarget;
          buildConfigurationList = 6A3377973A67E5BBF2D86DB6 /* Build configuration list for PBXNativeTarget "iosApp" */;
          buildPhases = (
             332CDCDC391E01EF48DF5E11 /* Compile Kotlin Framework */,
             A2B3C4D5E6F7A8B9C0D1E2F3 /* Sync Compose Resources */,
             A1DC7E3B1B3D1B5C7E3DC428 /* Sources */,
             C7CE5E4EC5622114506EB886 /* Frameworks */,
             847A905E78BB75C25FE74082 /* Resources */,
          );
          buildRules = (
          );
          dependencies = (
          );
          fileSystemSynchronizedGroups = (
             A7CE4B027CF1F1E99B378DBD /* iosApp */,
          );
          name = iosApp;
          packageProductDependencies = (
          );
          productName = iosApp;
          productReference = 2659D0C43B0F13F7975CDC89 /* ProductBrowser.app */;
          productType = "com.apple.product-type.application";
       };
/* End PBXNativeTarget section */

/* Begin PBXProject section */
       E66C516F8DF2531ADF9CC990 /* Project object */ = {
          isa = PBXProject;
          attributes = {
             BuildIndependentTargetsInParallel = 1;
             LastSwiftUpdateCheck = 1620;
             LastUpgradeCheck = 2620;
             TargetAttributes = {
                7BE0C4E7913A7FFF741E889E = {
                   CreatedOnToolsVersion = 16.2;
                };
             };
          };
          buildConfigurationList = 1B0B53C13030C0B44C693652 /* Build configuration list for PBXProject "iosApp" */;
          developmentRegion = en;
          hasScannedForEncodings = 0;
          knownRegions = (
             en,
             Base,
          );
          mainGroup = 97FA6575865F01024DBB75BA;
          minimizedProjectReferenceProxies = 1;
          preferredProjectObjectVersion = 77;
          productRefGroup = C395FC70359541BF9E268102 /* Products */;
          projectDirPath = "";
          projectRoot = "";
          targets = (
             7BE0C4E7913A7FFF741E889E /* iosApp */,
          );
       };
/* End PBXProject section */

/* Begin PBXResourcesBuildPhase section */
       847A905E78BB75C25FE74082 /* Resources */ = {
          isa = PBXResourcesBuildPhase;
          buildActionMask = 2147483647;
          files = (
          );
          runOnlyForDeploymentPostprocessing = 0;
       };
/* End PBXResourcesBuildPhase section */

/* Begin PBXShellScriptBuildPhase section */
       332CDCDC391E01EF48DF5E11 /* Compile Kotlin Framework */ = {
          isa = PBXShellScriptBuildPhase;
          alwaysOutOfDate = 1;
          buildActionMask = 2147483647;
          files = (
          );
          inputFileListPaths = (
          );
          inputPaths = (
          );
          name = "Compile Kotlin Framework";
          outputFileListPaths = (
          );
          outputPaths = (
          );
          runOnlyForDeploymentPostprocessing = 0;
          shellPath = /bin/sh;
          shellScript = "if [ \"YES\" = \"$OVERRIDE_KOTLIN_BUILD_IDE_SUPPORTED\" ]; then\n  echo \"Skipping Gradle build task invocation due to OVERRIDE_KOTLIN_BUILD_IDE_SUPPORTED environment variable set to \\\"YES\\\"\"\n  exit 0\nfi\ncd \"$SRCROOT/..\"\n./gradlew :composeApp:embedAndSignAppleFrameworkForXcode\n";
       };
       A2B3C4D5E6F7A8B9C0D1E2F3 /* Sync Compose Resources */ = {
          isa = PBXShellScriptBuildPhase;
          alwaysOutOfDate = 1;
          buildActionMask = 2147483647;
          files = (
          );
          inputFileListPaths = (
          );
          inputPaths = (
          );
          name = "Sync Compose Resources";
          outputFileListPaths = (
          );
          outputPaths = (
          );
          runOnlyForDeploymentPostprocessing = 0;
          shellPath = /bin/sh;
          shellScript = "if [ \"YES\" = \"$OVERRIDE_KOTLIN_BUILD_IDE_SUPPORTED\" ]; then\n  echo \"Skipping Gradle build task invocation due to OVERRIDE_KOTLIN_BUILD_IDE_SUPPORTED environment variable set to \\\"YES\\\"\"\n  exit 0\nfi\ncd \"$SRCROOT/..\"\n./gradlew :composeApp:syncComposeResourcesForIos\n";
       };
/* End PBXShellScriptBuildPhase section */

/* Begin PBXSourcesBuildPhase section */
       A1DC7E3B1B3D1B5C7E3DC428 /* Sources */ = {
          isa = PBXSourcesBuildPhase;
          buildActionMask = 2147483647;
          files = (
          );
          runOnlyForDeploymentPostprocessing = 0;
       };
/* End PBXSourcesBuildPhase section */

/* Begin XCBuildConfiguration section */
       2B8DC24D79A1671408878349 /* Debug */ = {
          isa = XCBuildConfiguration;
          buildSettings = {
             ASSETCATALOG_COMPILER_APPICON_NAME = AppIcon;
             ASSETCATALOG_COMPILER_GLOBAL_ACCENT_COLOR_NAME = AccentColor;
             CODE_SIGN_IDENTITY = "Apple Development";
             CODE_SIGN_STYLE = Automatic;
             DEVELOPMENT_ASSET_PATHS = "\"iosApp/Preview Content\"";
             ENABLE_PREVIEWS = YES;
             GENERATE_INFOPLIST_FILE = YES;
             INFOPLIST_FILE = iosApp/Info.plist;
             INFOPLIST_KEY_UIApplicationSceneManifest_Generation = YES;
             INFOPLIST_KEY_UIApplicationSupportsIndirectInputEvents = YES;
             INFOPLIST_KEY_UILaunchScreen_Generation = YES;
             INFOPLIST_KEY_UISupportedInterfaceOrientations_iPad = "UIInterfaceOrientationPortrait UIInterfaceOrientationPortraitUpsideDown UIInterfaceOrientationLandscapeLeft UIInterfaceOrientationLandscapeRight";
             INFOPLIST_KEY_UISupportedInterfaceOrientations_iPhone = "UIInterfaceOrientationPortrait UIInterfaceOrientationLandscapeLeft UIInterfaceOrientationLandscapeRight";
             LD_RUNPATH_SEARCH_PATHS = (
                "$(inherited)",
                "@executable_path/Frameworks",
             );
             SWIFT_EMIT_LOC_STRINGS = YES;
             SWIFT_VERSION = 5.0;
             TARGETED_DEVICE_FAMILY = "1,2";
          };
          name = Debug;
       };
       3CE10D58A10AFB6CFDEC9358 /* Release */ = {
          isa = XCBuildConfiguration;
          buildSettings = {
             ASSETCATALOG_COMPILER_APPICON_NAME = AppIcon;
             ASSETCATALOG_COMPILER_GLOBAL_ACCENT_COLOR_NAME = AccentColor;
             CODE_SIGN_IDENTITY = "Apple Development";
             CODE_SIGN_STYLE = Automatic;
             DEVELOPMENT_ASSET_PATHS = "\"iosApp/Preview Content\"";
             ENABLE_PREVIEWS = YES;
             GENERATE_INFOPLIST_FILE = YES;
             INFOPLIST_FILE = iosApp/Info.plist;
             INFOPLIST_KEY_UIApplicationSceneManifest_Generation = YES;
             INFOPLIST_KEY_UIApplicationSupportsIndirectInputEvents = YES;
             INFOPLIST_KEY_UILaunchScreen_Generation = YES;
             INFOPLIST_KEY_UISupportedInterfaceOrientations_iPad = "UIInterfaceOrientationPortrait UIInterfaceOrientationPortraitUpsideDown UIInterfaceOrientationLandscapeLeft UIInterfaceOrientationLandscapeRight";
             INFOPLIST_KEY_UISupportedInterfaceOrientations_iPhone = "UIInterfaceOrientationPortrait UIInterfaceOrientationLandscapeLeft UIInterfaceOrientationLandscapeRight";
             LD_RUNPATH_SEARCH_PATHS = (
                "$(inherited)",
                "@executable_path/Frameworks",
             );
             SWIFT_EMIT_LOC_STRINGS = YES;
             SWIFT_VERSION = 5.0;
             TARGETED_DEVICE_FAMILY = "1,2";
          };
          name = Release;
       };
       628D740D70E7C8C5A0FEE0EE /* Release */ = {
          isa = XCBuildConfiguration;
          baseConfigurationReferenceAnchor = 8E14697614695EBEEBF2B0CE /* Configuration */;
          baseConfigurationReferenceRelativePath = Config.xcconfig;
          buildSettings = {
             ALWAYS_SEARCH_USER_PATHS = NO;
             ASSETCATALOG_COMPILER_GENERATE_SWIFT_ASSET_SYMBOL_EXTENSIONS = YES;
             CLANG_ANALYZER_NONNULL = YES;
             CLANG_ANALYZER_NUMBER_OBJECT_CONVERSION = YES_AGGRESSIVE;
             CLANG_CXX_LANGUAGE_STANDARD = "gnu++20";
             CLANG_ENABLE_MODULES = YES;
             CLANG_ENABLE_OBJC_ARC = YES;
             CLANG_ENABLE_OBJC_WEAK = YES;
             CLANG_WARN_BLOCK_CAPTURE_AUTORELEASING = YES;
             CLANG_WARN_BOOL_CONVERSION = YES;
             CLANG_WARN_COMMA = YES;
             CLANG_WARN_CONSTANT_CONVERSION = YES;
             CLANG_WARN_DEPRECATED_OBJC_IMPLEMENTATIONS = YES;
             CLANG_WARN_DIRECT_OBJC_ISA_USAGE = YES_ERROR;
             CLANG_WARN_DOCUMENTATION_COMMENTS = YES;
             CLANG_WARN_EMPTY_BODY = YES;
             CLANG_WARN_ENUM_CONVERSION = YES;
             CLANG_WARN_INFINITE_RECURSION = YES;
             CLANG_WARN_INT_CONVERSION = YES;
             CLANG_WARN_NON_LITERAL_NULL_CONVERSION = YES;
             CLANG_WARN_OBJC_IMPLICIT_RETAIN_SELF = YES;
             CLANG_WARN_OBJC_LITERAL_CONVERSION = YES;
             CLANG_WARN_OBJC_ROOT_CLASS = YES_ERROR;
             CLANG_WARN_QUOTED_INCLUDE_IN_FRAMEWORK_HEADER = YES;
             CLANG_WARN_RANGE_LOOP_ANALYSIS = YES;
             CLANG_WARN_STRICT_PROTOTYPES = YES;
             CLANG_WARN_SUSPICIOUS_MOVE = YES;
             CLANG_WARN_UNGUARDED_AVAILABILITY = YES_AGGRESSIVE;
             CLANG_WARN_UNREACHABLE_CODE = YES;
             CLANG_WARN__DUPLICATE_METHOD_MATCH = YES;
             COPY_PHASE_STRIP = NO;
             DEBUG_INFORMATION_FORMAT = "dwarf-with-dsym";
             DEVELOPMENT_TEAM = "${TEAM_ID}";
             ENABLE_NS_ASSERTIONS = NO;
             ENABLE_STRICT_OBJC_MSGSEND = YES;
             ENABLE_USER_SCRIPT_SANDBOXING = NO;
             GCC_C_LANGUAGE_STANDARD = gnu17;
             GCC_NO_COMMON_BLOCKS = YES;
             GCC_WARN_64_TO_32_BIT_CONVERSION = YES;
             GCC_WARN_ABOUT_RETURN_TYPE = YES_ERROR;
             GCC_WARN_UNDECLARED_SELECTOR = YES;
             GCC_WARN_UNINITIALIZED_AUTOS = YES_AGGRESSIVE;
             GCC_WARN_UNUSED_FUNCTION = YES;
             GCC_WARN_UNUSED_VARIABLE = YES;
             IPHONEOS_DEPLOYMENT_TARGET = 18.2;
             LOCALIZATION_PREFERS_STRING_CATALOGS = YES;
             MTL_ENABLE_DEBUG_INFO = NO;
             MTL_FAST_MATH = YES;
             SDKROOT = iphoneos;
             STRING_CATALOG_GENERATE_SYMBOLS = YES;
             SWIFT_COMPILATION_MODE = wholemodule;
             VALIDATE_PRODUCT = YES;
          };
          name = Release;
       };
       F214CDA3754099B735EB0840 /* Debug */ = {
          isa = XCBuildConfiguration;
          baseConfigurationReferenceAnchor = 8E14697614695EBEEBF2B0CE /* Configuration */;
          baseConfigurationReferenceRelativePath = Config.xcconfig;
          buildSettings = {
             ALWAYS_SEARCH_USER_PATHS = NO;
             ASSETCATALOG_COMPILER_GENERATE_SWIFT_ASSET_SYMBOL_EXTENSIONS = YES;
             CLANG_ANALYZER_NONNULL = YES;
             CLANG_ANALYZER_NUMBER_OBJECT_CONVERSION = YES_AGGRESSIVE;
             CLANG_CXX_LANGUAGE_STANDARD = "gnu++20";
             CLANG_ENABLE_MODULES = YES;
             CLANG_ENABLE_OBJC_ARC = YES;
             CLANG_ENABLE_OBJC_WEAK = YES;
             CLANG_WARN_BLOCK_CAPTURE_AUTORELEASING = YES;
             CLANG_WARN_BOOL_CONVERSION = YES;
             CLANG_WARN_COMMA = YES;
             CLANG_WARN_CONSTANT_CONVERSION = YES;
             CLANG_WARN_DEPRECATED_OBJC_IMPLEMENTATIONS = YES;
             CLANG_WARN_DIRECT_OBJC_ISA_USAGE = YES_ERROR;
             CLANG_WARN_DOCUMENTATION_COMMENTS = YES;
             CLANG_WARN_EMPTY_BODY = YES;
             CLANG_WARN_ENUM_CONVERSION = YES;
             CLANG_WARN_INFINITE_RECURSION = YES;
             CLANG_WARN_INT_CONVERSION = YES;
             CLANG_WARN_NON_LITERAL_NULL_CONVERSION = YES;
             CLANG_WARN_OBJC_IMPLICIT_RETAIN_SELF = YES;
             CLANG_WARN_OBJC_LITERAL_CONVERSION = YES;
             CLANG_WARN_OBJC_ROOT_CLASS = YES_ERROR;
             CLANG_WARN_QUOTED_INCLUDE_IN_FRAMEWORK_HEADER = YES;
             CLANG_WARN_RANGE_LOOP_ANALYSIS = YES;
             CLANG_WARN_STRICT_PROTOTYPES = YES;
             CLANG_WARN_SUSPICIOUS_MOVE = YES;
             CLANG_WARN_UNGUARDED_AVAILABILITY = YES_AGGRESSIVE;
             CLANG_WARN_UNREACHABLE_CODE = YES;
             CLANG_WARN__DUPLICATE_METHOD_MATCH = YES;
             COPY_PHASE_STRIP = NO;
             DEBUG_INFORMATION_FORMAT = dwarf;
             DEVELOPMENT_TEAM = "${TEAM_ID}";
             ENABLE_STRICT_OBJC_MSGSEND = YES;
             ENABLE_TESTABILITY = YES;
             ENABLE_USER_SCRIPT_SANDBOXING = NO;
             GCC_C_LANGUAGE_STANDARD = gnu17;
             GCC_DYNAMIC_NO_PIC = NO;
             GCC_NO_COMMON_BLOCKS = YES;
             GCC_OPTIMIZATION_LEVEL = 0;
             GCC_PREPROCESSOR_DEFINITIONS = (
                "DEBUG=1",
                "$(inherited)",
             );
             GCC_WARN_64_TO_32_BIT_CONVERSION = YES;
             GCC_WARN_ABOUT_RETURN_TYPE = YES_ERROR;
             GCC_WARN_UNDECLARED_SELECTOR = YES;
             GCC_WARN_UNINITIALIZED_AUTOS = YES_AGGRESSIVE;
             GCC_WARN_UNUSED_FUNCTION = YES;
             GCC_WARN_UNUSED_VARIABLE = YES;
             IPHONEOS_DEPLOYMENT_TARGET = 18.2;
             LOCALIZATION_PREFERS_STRING_CATALOGS = YES;
             MTL_ENABLE_DEBUG_INFO = INCLUDE_SOURCE;
             MTL_FAST_MATH = YES;
             ONLY_ACTIVE_ARCH = YES;
             SDKROOT = iphoneos;
             STRING_CATALOG_GENERATE_SYMBOLS = YES;
             SWIFT_ACTIVE_COMPILATION_CONDITIONS = "DEBUG $(inherited)";
             SWIFT_OPTIMIZATION_LEVEL = "-Onone";
          };
          name = Debug;
       };
/* End XCBuildConfiguration section */

/* Begin XCConfigurationList section */
       1B0B53C13030C0B44C693652 /* Build configuration list for PBXProject "iosApp" */ = {
          isa = XCConfigurationList;
          buildConfigurations = (
             F214CDA3754099B735EB0840 /* Debug */,
             628D740D70E7C8C5A0FEE0EE /* Release */,
          );
          defaultConfigurationIsVisible = 0;
          defaultConfigurationName = Release;
       };
       6A3377973A67E5BBF2D86DB6 /* Build configuration list for PBXNativeTarget "iosApp" */ = {
          isa = XCConfigurationList;
          buildConfigurations = (
             2B8DC24D79A1671408878349 /* Debug */,
             3CE10D58A10AFB6CFDEC9358 /* Release */,
          );
          defaultConfigurationIsVisible = 0;
          defaultConfigurationName = Release;
       };
/* End XCConfigurationList section */
    };
    rootObject = E66C516F8DF2531ADF9CC990 /* Project object */;
}